
Microsoft Visual Studio Solution File, Format Version 12.00
# Visual Studio Version 17
VisualStudioVersion = 17.13.35931.197 d17.13
MinimumVisualStudioVersion = 10.0.40219.1
Project("{FAE04EC0-301F-11D3-BF4B-00C04F79EFBC}") = "auth_elgamal", "auth_elgamal.csproj", "{F31531AF-D37E-4182-A701-6F324377BA6B}"
EndProject
Global
	GlobalSection(SolutionConfigurationPlatforms) = preSolution
		Debug|Any CPU = Debug|Any CPU
		Release|Any CPU = Release|Any CPU
	EndGlobalSection
	GlobalSection(ProjectConfigurationPlatforms) = postSolution
		{F31531AF-D37E-4182-A701-6F324377BA6B}.Debug|Any CPU.ActiveCfg = Debug|Any CPU
		{F31531AF-D37E-4182-A701-6F324377BA6B}.Debug|Any CPU.Build.0 = Debug|Any CPU
		{F31531AF-D37E-4182-A701-6F324377BA6B}.Release|Any CPU.ActiveCfg = Release|Any CPU
		{F31531AF-D37E-4182-A701-6F324377BA6B}.Release|Any CPU.Build.0 = Release|Any CPU
	EndGlobalSection
	GlobalSection(SolutionProperties) = preSolution
		HideSolutionNode = FALSE
	EndGlobalSection
	GlobalSection(ExtensibilityGlobals) = postSolution
		SolutionGuid = {15D1EE90-55A1-4480-BB29-25A5526B0942}
	EndGlobalSection
EndGlobal
